# Auto-generated by refresh_cve_inventory.sh
generated = "2026-06-21T12:37:36.785571Z"
row_count = 10
sources = ["osv", "nvd-api-2.0", "debian-tracker-manual"]
queries = ["CVE-1999-1457", "CVE-2001-0892", "CVE-2002-0733", "CVE-2004-2628", "CVE-2006-1078", "CVE-2006-1079", "CVE-2006-4248", "CVE-2013-0348", "CVE-2017-10671", "CVE-2021-26843", "thttpd", "sthttpd"]
